
Microsoft Visual Studio Solution File, Format Version 12.00
# Visual Studio Version 17
VisualStudioVersion = 17.4.33110.190
MinimumVisualStudioVersion = 10.0.40219.1
Project("{FAE04EC0-301F-11D3-BF4B-00C04F79EFBC}") = "TDDKata", "TDDKata\TDDKata.csproj", "{EB6C46FB-828C-4212-BD28-8FAACF7C04B5}"
EndProject
Project("{FAE04EC0-301F-11D3-BF4B-00C04F79EFBC}") = "TDDKataCalc", "TDDKataCalc\TDDKataCalc.csproj", "{1A6C085F-034C-4993-8CD5-99813498CB04}"
EndProject
Global
	GlobalSection(SolutionConfigurationPlatforms) = preSolution
		Debug|Any CPU = Debug|Any CPU
		Release|Any CPU = Release|Any CPU
	EndGlobalSection
	GlobalSection(ProjectConfigurationPlatforms) = postSolution
		{EB6C46FB-828C-4212-BD28-8FAACF7C04B5}.Debug|Any CPU.ActiveCfg = Debug|Any CPU
		{EB6C46FB-828C-4212-BD28-8FAACF7C04B5}.Debug|Any CPU.Build.0 = Debug|Any CPU
		{EB6C46FB-828C-4212-BD28-8FAACF7C04B5}.Release|Any CPU.ActiveCfg = Release|Any CPU
		{EB6C46FB-828C-4212-BD28-8FAACF7C04B5}.Release|Any CPU.Build.0 = Release|Any CPU
		{1A6C085F-034C-4993-8CD5-99813498CB04}.Debug|Any CPU.ActiveCfg = Debug|Any CPU
		{1A6C085F-034C-4993-8CD5-99813498CB04}.Debug|Any CPU.Build.0 = Debug|Any CPU
		{1A6C085F-034C-4993-8CD5-99813498CB04}.Release|Any CPU.ActiveCfg = Release|Any CPU
		{1A6C085F-034C-4993-8CD5-99813498CB04}.Release|Any CPU.Build.0 = Release|Any CPU
	EndGlobalSection
	GlobalSection(SolutionProperties) = preSolution
		HideSolutionNode = FALSE
	EndGlobalSection
	GlobalSection(ExtensibilityGlobals) = postSolution
		SolutionGuid = {996D5FD3-BD3B-4C3B-A2FF-69DAC24A4D3C}
	EndGlobalSection
EndGlobal
